
Microsoft Visual Studio Solution File, Format Version 12.00
# Visual Studio Version 17
VisualStudioVersion = 17.7.34003.232
MinimumVisualStudioVersion = 10.0.40219.1
Project("{FAE04EC0-301F-11D3-BF4B-00C04F79EFBC}") = "TextConverter", "TextConverter\TextConverter.csproj", "{08295602-D847-4ED4-BF66-A92277A95796}"
EndProject
Global
	GlobalSection(SolutionConfigurationPlatforms) = preSolution
		Debug|Any CPU = Debug|Any CPU
		Release|Any CPU = Release|Any CPU
	EndGlobalSection
	GlobalSection(ProjectConfigurationPlatforms) = postSolution
		{08295602-D847-4ED4-BF66-A92277A95796}.Debug|Any CPU.ActiveCfg = Debug|Any CPU
		{08295602-D847-4ED4-BF66-A92277A95796}.Debug|Any CPU.Build.0 = Debug|Any CPU
		{08295602-D847-4ED4-BF66-A92277A95796}.Release|Any CPU.ActiveCfg = Release|Any CPU
		{08295602-D847-4ED4-BF66-A92277A95796}.Release|Any CPU.Build.0 = Release|Any CPU
	EndGlobalSection
	GlobalSection(SolutionProperties) = preSolution
		HideSolutionNode = FALSE
	EndGlobalSection
	GlobalSection(ExtensibilityGlobals) = postSolution
		SolutionGuid = {B8007024-F889-45B9-A17E-7E61D47608A1}
	EndGlobalSection
EndGlobal
